// !$*UTF8*$!
{
	archiveVersion = 1;
	classes = {
	};
	objectVersion = 46;
	objects = {

/* Begin PBXBuildFile section */
		6A61DE1E204B9168009ED21F /* TencentOpenAPI.framework in Frameworks */ = {isa = PBXBuildFile; fileRef = 6A61DE18204B9168009ED21F /* TencentOpenAPI.framework */; };
		6A61DE1F204B9168009ED21F /* TencentOpenApi_IOS_Bundle.bundle in Resources */ = {isa = PBXBuildFile; fileRef = 6A61DE19204B9168009ED21F /* TencentOpenApi_IOS_Bundle.bundle */; };
		6A61DE20204B9168009ED21F /* libWeChatSDK.a in Frameworks */ = {isa = PBXBuildFile; fileRef = 6A61DE1B204B9168009ED21F /* libWeChatSDK.a */; };
		6A61DE45204B917B009ED21F /* ShareManager.m in Sources */ = {isa = PBXBuildFile; fileRef = 6A61DE23204B917A009ED21F /* ShareManager.m */; };
		6A61DE46204B917B009ED21F /* ShareToFacebook.m in Sources */ = {isa = PBXBuildFile; fileRef = 6A61DE25204B917A009ED21F /* ShareToFacebook.m */; };
		6A61DE47204B917B009ED21F /* ShareToInstagram.m in Sources */ = {isa = PBXBuildFile; fileRef = 6A61DE27204B917A009ED21F /* ShareToInstagram.m */; };
		6A61DE48204B917B009ED21F /* ShareToTencentQQ.m in Sources */ = {isa = PBXBuildFile; fileRef = 6A61DE29204B917A009ED21F /* ShareToTencentQQ.m */; };
		6A61DE49204B917B009ED21F /* ShareToTwitter.m in Sources */ = {isa = PBXBuildFile; fileRef = 6A61DE2B204B917A009ED21F /* ShareToTwitter.m */; };
		6A61DE4A204B917B009ED21F /* ShareToWeibo.m in Sources */ = {isa = PBXBuildFile; fileRef = 6A61DE2D204B917A009ED21F /* ShareToWeibo.m */; };
		6A61DE4B204B917B009ED21F /* ShareToWeixin.m in Sources */ = {isa = PBXBuildFile; fileRef = 6A61DE2F204B917A009ED21F /* ShareToWeixin.m */; };
		6A61DE4C204B917B009ED21F /* ShareUI.m in Sources */ = {isa = PBXBuildFile; fileRef = 6A61DE31204B917A009ED21F /* ShareUI.m */; };
		6A61DE4D204B917B009ED21F /* SMContent.m in Sources */ = {isa = PBXBuildFile; fileRef = 6A61DE34204B917A009ED21F /* SMContent.m */; };
		6A61DE4E204B917B009ED21F /* SMIcon.m in Sources */ = {isa = PBXBuildFile; fileRef = 6A61DE36204B917A009ED21F /* SMIcon.m */; };
		6A61DE4F204B917B009ED21F /* SMImage.m in Sources */ = {isa = PBXBuildFile; fileRef = 6A61DE38204B917A009ED21F /* SMImage.m */; };
		6A61DE50204B917B009ED21F /* SMShareResult.m in Sources */ = {isa = PBXBuildFile; fileRef = 6A61DE3A204B917A009ED21F /* SMShareResult.m */; };
		6A61DE51204B917B009ED21F /* SMWebViewController.m in Sources */ = {isa = PBXBuildFile; fileRef = 6A61DE3C204B917A009ED21F /* SMWebViewController.m */; };
		6A61DE52204B917B009ED21F /* SMResources.bundle in Resources */ = {isa = PBXBuildFile; fileRef = 6A61DE3D204B917A009ED21F /* SMResources.bundle */; };
		6A61DE53204B917B009ED21F /* NSString+util.m in Sources */ = {isa = PBXBuildFile; fileRef = 6A61DE40204B917A009ED21F /* NSString+util.m */; };
		6A61DE54204B917B009ED21F /* UIColor+hex.m in Sources */ = {isa = PBXBuildFile; fileRef = 6A61DE42204B917A009ED21F /* UIColor+hex.m */; };
		6A61DE55204B917B009ED21F /* UIView+size.m in Sources */ = {isa = PBXBuildFile; fileRef = 6A61DE44204B917B009ED21F /* UIView+size.m */; };
		6A61DE6D204F86B3009ED21F /* libsqlite3.0.tbd in Frameworks */ = {isa = PBXBuildFile; fileRef = 6A61DE6C204F86B3009ED21F /* libsqlite3.0.tbd */; };
		6A61DE6F204F86BC009ED21F /* CoreFoundation.framework in Frameworks */ = {isa = PBXBuildFile; fileRef = 6A61DE6E204F86BC009ED21F /* CoreFoundation.framework */; };
		6A61DE71204F86C4009ED21F /* CoreTelephony.framework in Frameworks */ = {isa = PBXBuildFile; fileRef = 6A61DE70204F86C4009ED21F /* CoreTelephony.framework */; };
		6A61DE73204F86D2009ED21F /* libz.1.1.3.tbd in Frameworks */ = {isa = PBXBuildFile; fileRef = 6A61DE72204F86D2009ED21F /* libz.1.1.3.tbd */; };
		6A61DE75204F86ED009ED21F /* CFNetwork.framework in Frameworks */ = {isa = PBXBuildFile; fileRef = 6A61DE74204F86ED009ED21F /* CFNetwork.framework */; };
		6A61DE77204F877E009ED21F /* SystemConfiguration.framework in Frameworks */ = {isa = PBXBuildFile; fileRef = 6A61DE76204F877E009ED21F /* SystemConfiguration.framework */; };
		6A61DE79204F87BC009ED21F /* libc++.tbd in Frameworks */ = {isa = PBXBuildFile; fileRef = 6A61DE78204F87BC009ED21F /* libc++.tbd */; };
		C2285AF91F3B402F00ED2696 /* main.m in Sources */ = {isa = PBXBuildFile; fileRef = C2285AF81F3B402F00ED2696 /* main.m */; };
		C2285AFC1F3B402F00ED2696 /* AppDelegate.m in Sources */ = {isa = PBXBuildFile; fileRef = C2285AFB1F3B402F00ED2696 /* AppDelegate.m */; };
		C2285AFF1F3B402F00ED2696 /* ViewController.m in Sources */ = {isa = PBXBuildFile; fileRef = C2285AFE1F3B402F00ED2696 /* ViewController.m */; };
		C2285B021F3B402F00ED2696 /* Main.storyboard in Resources */ = {isa = PBXBuildFile; fileRef = C2285B001F3B402F00ED2696 /* Main.storyboard */; };
		C2285B041F3B402F00ED2696 /* Assets.xcassets in Resources */ = {isa = PBXBuildFile; fileRef = C2285B031F3B402F00ED2696 /* Assets.xcassets */; };
		C2285B071F3B402F00ED2696 /* LaunchScreen.storyboard in Resources */ = {isa = PBXBuildFile; fileRef = C2285B051F3B402F00ED2696 /* LaunchScreen.storyboard */; };
		C29BB7361F3C9F7500911BEC /* IFMShareItem.m in Sources */ = {isa = PBXBuildFile; fileRef = C29BB7351F3C9F7500911BEC /* IFMShareItem.m */; };
		C29BB7391F3CA20700911BEC /* IFMShareView.m in Sources */ = {isa = PBXBuildFile; fileRef = C29BB7381F3CA20700911BEC /* IFMShareView.m */; };
		C29BB73F1F3D44E800911BEC /* IFMShareItemCell.m in Sources */ = {isa = PBXBuildFile; fileRef = C29BB73E1F3D44E800911BEC /* IFMShareItemCell.m */; };
		C29CA0DD1F41746F00798EE8 /* IFMShareImage.bundle in Resources */ = {isa = PBXBuildFile; fileRef = C29CA0DC1F41746F00798EE8 /* IFMShareImage.bundle */; };
		DF31FC8C9B75E628B3C8BCFB /* libPods-IFMShareDemo.a in Frameworks */ = {isa = PBXBuildFile; fileRef = 32A28268F13794C0F45DC400 /* libPods-IFMShareDemo.a */; };
/* End PBXBuildFile section */

/* Begin PBXFileReference section */
		32A28268F13794C0F45DC400 /* libPods-IFMShareDemo.a */ = {isa = PBXFileReference; explicitFileType = archive.ar; includeInIndex = 0; path = "libPods-IFMShareDemo.a"; sourceTree = BUILT_PRODUCTS_DIR; };
		36A76BBAFCC9931062F4B317 /* Pods-IFMShareDemo.debug.xcconfig */ = {isa = PBXFileReference; includeInIndex = 1; lastKnownFileType = text.xcconfig; name = "Pods-IFMShareDemo.debug.xcconfig"; path = "Pods/Target Support Files/Pods-IFMShareDemo/Pods-IFMShareDemo.debug.xcconfig"; sourceTree = "<group>"; };
		6A61DE18204B9168009ED21F /* TencentOpenAPI.framework */ = {isa = PBXFileReference; lastKnownFileType = wrapper.framework; path = TencentOpenAPI.framework; sourceTree = "<group>"; };
		6A61DE19204B9168009ED21F /* TencentOpenApi_IOS_Bundle.bundle */ = {isa = PBXFileReference; lastKnownFileType = "wrapper.plug-in"; path = TencentOpenApi_IOS_Bundle.bundle; sourceTree = "<group>"; };
		6A61DE1B204B9168009ED21F /* libWeChatSDK.a */ = {isa = PBXFileReference; lastKnownFileType = archive.ar; path = libWeChatSDK.a; sourceTree = "<group>"; };
		6A61DE1C204B9168009ED21F /* WXApi.h */ = {isa = PBXFileReference; fileEncoding = 4; lastKnownFileType = sourcecode.c.h; path = WXApi.h; sourceTree = "<group>"; };
		6A61DE1D204B9168009ED21F /* WXApiObject.h */ = {isa = PBXFileReference; fileEncoding = 4; lastKnownFileType = sourcecode.c.h; path = WXApiObject.h; sourceTree = "<group>"; };
		6A61DE22204B917A009ED21F /* ShareManager.h */ = {isa = PBXFileReference; fileEncoding = 4; lastKnownFileType = sourcecode.c.h; path = ShareManager.h; sourceTree = "<group>"; };
		6A61DE23204B917A009ED21F /* ShareManager.m */ = {isa = PBXFileReference; fileEncoding = 4; lastKnownFileType = sourcecode.c.objc; path = ShareManager.m; sourceTree = "<group>"; };
		6A61DE24204B917A009ED21F /* ShareToFacebook.h */ = {isa = PBXFileReference; fileEncoding = 4; lastKnownFileType = sourcecode.c.h; path = ShareToFacebook.h; sourceTree = "<group>"; };
		6A61DE25204B917A009ED21F /* ShareToFacebook.m */ = {isa = PBXFileReference; fileEncoding = 4; lastKnownFileType = sourcecode.c.objc; path = ShareToFacebook.m; sourceTree = "<group>"; };
		6A61DE26204B917A009ED21F /* ShareToInstagram.h */ = {isa = PBXFileReference; fileEncoding = 4; lastKnownFileType = sourcecode.c.h; path = ShareToInstagram.h; sourceTree = "<group>"; };
		6A61DE27204B917A009ED21F /* ShareToInstagram.m */ = {isa = PBXFileReference; fileEncoding = 4; lastKnownFileType = sourcecode.c.objc; path = ShareToInstagram.m; sourceTree = "<group>"; };
		6A61DE28204B917A009ED21F /* ShareToTencentQQ.h */ = {isa = PBXFileReference; fileEncoding = 4; lastKnownFileType = sourcecode.c.h; path = ShareToTencentQQ.h; sourceTree = "<group>"; };
		6A61DE29204B917A009ED21F /* ShareToTencentQQ.m */ = {isa = PBXFileReference; fileEncoding = 4; lastKnownFileType = sourcecode.c.objc; path = ShareToTencentQQ.m; sourceTree = "<group>"; };
		6A61DE2A204B917A009ED21F /* ShareToTwitter.h */ = {isa = PBXFileReference; fileEncoding = 4; lastKnownFileType = sourcecode.c.h; path = ShareToTwitter.h; sourceTree = "<group>"; };
		6A61DE2B204B917A009ED21F /* ShareToTwitter.m */ = {isa = PBXFileReference; fileEncoding = 4; lastKnownFileType = sourcecode.c.objc; path = ShareToTwitter.m; sourceTree = "<group>"; };
		6A61DE2C204B917A009ED21F /* ShareToWeibo.h */ = {isa = PBXFileReference; fileEncoding = 4; lastKnownFileType = sourcecode.c.h; path = ShareToWeibo.h; sourceTree = "<group>"; };
		6A61DE2D204B917A009ED21F /* ShareToWeibo.m */ = {isa = PBXFileReference; fileEncoding = 4; lastKnownFileType = sourcecode.c.objc; path = ShareToWeibo.m; sourceTree = "<group>"; };
		6A61DE2E204B917A009ED21F /* ShareToWeixin.h */ = {isa = PBXFileReference; fileEncoding = 4; lastKnownFileType = sourcecode.c.h; path = ShareToWeixin.h; sourceTree = "<group>"; };
		6A61DE2F204B917A009ED21F /* ShareToWeixin.m */ = {isa = PBXFileReference; fileEncoding = 4; lastKnownFileType = sourcecode.c.objc; path = ShareToWeixin.m; sourceTree = "<group>"; };
		6A61DE30204B917A009ED21F /* ShareUI.h */ = {isa = PBXFileReference; fileEncoding = 4; lastKnownFileType = sourcecode.c.h; path = ShareUI.h; sourceTree = "<group>"; };
		6A61DE31204B917A009ED21F /* ShareUI.m */ = {isa = PBXFileReference; fileEncoding = 4; lastKnownFileType = sourcecode.c.objc; path = ShareUI.m; sourceTree = "<group>"; };
		6A61DE32204B917A009ED21F /* SMConstant.h */ = {isa = PBXFileReference; fileEncoding = 4; lastKnownFileType = sourcecode.c.h; path = SMConstant.h; sourceTree = "<group>"; };
		6A61DE33204B917A009ED21F /* SMContent.h */ = {isa = PBXFileReference; fileEncoding = 4; lastKnownFileType = sourcecode.c.h; path = SMContent.h; sourceTree = "<group>"; };
		6A61DE34204B917A009ED21F /* SMContent.m */ = {isa = PBXFileReference; fileEncoding = 4; lastKnownFileType = sourcecode.c.objc; path = SMContent.m; sourceTree = "<group>"; };
		6A61DE35204B917A009ED21F /* SMIcon.h */ = {isa = PBXFileReference; fileEncoding = 4; lastKnownFileType = sourcecode.c.h; path = SMIcon.h; sourceTree = "<group>"; };
		6A61DE36204B917A009ED21F /* SMIcon.m */ = {isa = PBXFileReference; fileEncoding = 4; lastKnownFileType = sourcecode.c.objc; path = SMIcon.m; sourceTree = "<group>"; };
		6A61DE37204B917A009ED21F /* SMImage.h */ = {isa = PBXFileReference; fileEncoding = 4; lastKnownFileType = sourcecode.c.h; path = SMImage.h; sourceTree = "<group>"; };
		6A61DE38204B917A009ED21F /* SMImage.m */ = {isa = PBXFileReference; fileEncoding = 4; lastKnownFileType = sourcecode.c.objc; path = SMImage.m; sourceTree = "<group>"; };
		6A61DE39204B917A009ED21F /* SMShareResult.h */ = {isa = PBXFileReference; fileEncoding = 4; lastKnownFileType = sourcecode.c.h; path = SMShareResult.h; sourceTree = "<group>"; };
		6A61DE3A204B917A009ED21F /* SMShareResult.m */ = {isa = PBXFileReference; fileEncoding = 4; lastKnownFileType = sourcecode.c.objc; path = SMShareResult.m; sourceTree = "<group>"; };
		6A61DE3B204B917A009ED21F /* SMWebViewController.h */ = {isa = PBXFileReference; fileEncoding = 4; lastKnownFileType = sourcecode.c.h; path = SMWebViewController.h; sourceTree = "<group>"; };
		6A61DE3C204B917A009ED21F /* SMWebViewController.m */ = {isa = PBXFileReference; fileEncoding = 4; lastKnownFileType = sourcecode.c.objc; path = SMWebViewController.m; sourceTree = "<group>"; };
		6A61DE3D204B917A009ED21F /* SMResources.bundle */ = {isa = PBXFileReference; lastKnownFileType = "wrapper.plug-in"; path = SMResources.bundle; sourceTree = "<group>"; };
		6A61DE3F204B917A009ED21F /* NSString+util.h */ = {isa = PBXFileReference; fileEncoding = 4; lastKnownFileType = sourcecode.c.h; path = "NSString+util.h"; sourceTree = "<group>"; };
		6A61DE40204B917A009ED21F /* NSString+util.m */ = {isa = PBXFileReference; fileEncoding = 4; lastKnownFileType = sourcecode.c.objc; path = "NSString+util.m"; sourceTree = "<group>"; };
		6A61DE41204B917A009ED21F /* UIColor+hex.h */ = {isa = PBXFileReference; fileEncoding = 4; lastKnownFileType = sourcecode.c.h; path = "UIColor+hex.h"; sourceTree = "<group>"; };
		6A61DE42204B917A009ED21F /* UIColor+hex.m */ = {isa = PBXFileReference; fileEncoding = 4; lastKnownFileType = sourcecode.c.objc; path = "UIColor+hex.m"; sourceTree = "<group>"; };
		6A61DE43204B917B009ED21F /* UIView+size.h */ = {isa = PBXFileReference; fileEncoding = 4; lastKnownFileType = sourcecode.c.h; path = "UIView+size.h"; sourceTree = "<group>"; };
		6A61DE44204B917B009ED21F /* UIView+size.m */ = {isa = PBXFileReference; fileEncoding = 4; lastKnownFileType = sourcecode.c.objc; path = "UIView+size.m"; sourceTree = "<group>"; };
		6A61DE6C204F86B3009ED21F /* libsqlite3.0.tbd */ = {isa = PBXFileReference; lastKnownFileType = "sourcecode.text-based-dylib-definition"; name = libsqlite3.0.tbd; path = usr/lib/libsqlite3.0.tbd; sourceTree = SDKROOT; };
		6A61DE6E204F86BC009ED21F /* CoreFoundation.framework */ = {isa = PBXFileReference; lastKnownFileType = wrapper.framework; name = CoreFoundation.framework; path = System/Library/Frameworks/CoreFoundation.framework; sourceTree = SDKROOT; };
		6A61DE70204F86C4009ED21F /* CoreTelephony.framework */ = {isa = PBXFileReference; lastKnownFileType = wrapper.framework; name = CoreTelephony.framework; path = System/Library/Frameworks/CoreTelephony.framework; sourceTree = SDKROOT; };
		6A61DE72204F86D2009ED21F /* libz.1.1.3.tbd */ = {isa = PBXFileReference; lastKnownFileType = "sourcecode.text-based-dylib-definition"; name = libz.1.1.3.tbd; path = usr/lib/libz.1.1.3.tbd; sourceTree = SDKROOT; };
		6A61DE74204F86ED009ED21F /* CFNetwork.framework */ = {isa = PBXFileReference; lastKnownFileType = wrapper.framework; name = CFNetwork.framework; path = System/Library/Frameworks/CFNetwork.framework; sourceTree = SDKROOT; };
		6A61DE76204F877E009ED21F /* SystemConfiguration.framework */ = {isa = PBXFileReference; lastKnownFileType = wrapper.framework; name = SystemConfiguration.framework; path = System/Library/Frameworks/SystemConfiguration.framework; sourceTree = SDKROOT; };
		6A61DE78204F87BC009ED21F /* libc++.tbd */ = {isa = PBXFileReference; lastKnownFileType = "sourcecode.text-based-dylib-definition"; name = "libc++.tbd"; path = "usr/lib/libc++.tbd"; sourceTree = SDKROOT; };
		C2285AF41F3B402F00ED2696 /* IFMShareDemo.app */ = {isa = PBXFileReference; explicitFileType = wrapper.application; includeInIndex = 0; path = IFMShareDemo.app; sourceTree = BUILT_PRODUCTS_DIR; };
		C2285AF81F3B402F00ED2696 /* main.m */ = {isa = PBXFileReference; lastKnownFileType = sourcecode.c.objc; path = main.m; sourceTree = "<group>"; };
		C2285AFA1F3B402F00ED2696 /* AppDelegate.h */ = {isa = PBXFileReference; lastKnownFileType = sourcecode.c.h; path = AppDelegate.h; sourceTree = "<group>"; };
		C2285AFB1F3B402F00ED2696 /* AppDelegate.m */ = {isa = PBXFileReference; lastKnownFileType = sourcecode.c.objc; path = AppDelegate.m; sourceTree = "<group>"; };
		C2285AFD1F3B402F00ED2696 /* ViewController.h */ = {isa = PBXFileReference; lastKnownFileType = sourcecode.c.h; path = ViewController.h; sourceTree = "<group>"; };
		C2285AFE1F3B402F00ED2696 /* ViewController.m */ = {isa = PBXFileReference; lastKnownFileType = sourcecode.c.objc; path = ViewController.m; sourceTree = "<group>"; };
		C2285B011F3B402F00ED2696 /* Base */ = {isa = PBXFileReference; lastKnownFileType = file.storyboard; name = Base; path = Base.lproj/Main.storyboard; sourceTree = "<group>"; };
		C2285B031F3B402F00ED2696 /* Assets.xcassets */ = {isa = PBXFileReference; lastKnownFileType = folder.assetcatalog; path = Assets.xcassets; sourceTree = "<group>"; };
		C2285B061F3B402F00ED2696 /* Base */ = {isa = PBXFileReference; lastKnownFileType = file.storyboard; name = Base; path = Base.lproj/LaunchScreen.storyboard; sourceTree = "<group>"; };
		C2285B081F3B402F00ED2696 /* Info.plist */ = {isa = PBXFileReference; lastKnownFileType = text.plist.xml; path = Info.plist; sourceTree = "<group>"; };
		C22E0B91740A3428B9AB482C /* Pods-IFMShareDemo.release.xcconfig */ = {isa = PBXFileReference; includeInIndex = 1; lastKnownFileType = text.xcconfig; name = "Pods-IFMShareDemo.release.xcconfig"; path = "Pods/Target Support Files/Pods-IFMShareDemo/Pods-IFMShareDemo.release.xcconfig"; sourceTree = "<group>"; };
		C29BB7341F3C9F7500911BEC /* IFMShareItem.h */ = {isa = PBXFileReference; fileEncoding = 4; lastKnownFileType = sourcecode.c.h; path = IFMShareItem.h; sourceTree = "<group>"; };
		C29BB7351F3C9F7500911BEC /* IFMShareItem.m */ = {isa = PBXFileReference; fileEncoding = 4; lastKnownFileType = sourcecode.c.objc; path = IFMShareItem.m; sourceTree = "<group>"; };
		C29BB7371F3CA20700911BEC /* IFMShareView.h */ = {isa = PBXFileReference; fileEncoding = 4; lastKnownFileType = sourcecode.c.h; path = IFMShareView.h; sourceTree = "<group>"; };
		C29BB7381F3CA20700911BEC /* IFMShareView.m */ = {isa = PBXFileReference; fileEncoding = 4; lastKnownFileType = sourcecode.c.objc; path = IFMShareView.m; sourceTree = "<group>"; };
		C29BB73D1F3D44E800911BEC /* IFMShareItemCell.h */ = {isa = PBXFileReference; fileEncoding = 4; lastKnownFileType = sourcecode.c.h; path = IFMShareItemCell.h; sourceTree = "<group>"; };
		C29BB73E1F3D44E800911BEC /* IFMShareItemCell.m */ = {isa = PBXFileReference; fileEncoding = 4; lastKnownFileType = sourcecode.c.objc; path = IFMShareItemCell.m; sourceTree = "<group>"; };
		C29CA0DC1F41746F00798EE8 /* IFMShareImage.bundle */ = {isa = PBXFileReference; lastKnownFileType = "wrapper.plug-in"; path = IFMShareImage.bundle; sourceTree = "<group>"; };
/* End PBXFileReference section */

/* Begin PBXFrameworksBuildPhase section */
		C2285AF11F3B402F00ED2696 /* Frameworks */ = {
			isa = PBXFrameworksBuildPhase;
			buildActionMask = 2147483647;
			files = (
				6A61DE79204F87BC009ED21F /* libc++.tbd in Frameworks */,
				6A61DE77204F877E009ED21F /* SystemConfiguration.framework in Frameworks */,
				6A61DE75204F86ED009ED21F /* CFNetwork.framework in Frameworks */,
				6A61DE73204F86D2009ED21F /* libz.1.1.3.tbd in Frameworks */,
				6A61DE71204F86C4009ED21F /* CoreTelephony.framework in Frameworks */,
				6A61DE6F204F86BC009ED21F /* CoreFoundation.framework in Frameworks */,
				6A61DE6D204F86B3009ED21F /* libsqlite3.0.tbd in Frameworks */,
				6A61DE20204B9168009ED21F /* libWeChatSDK.a in Frameworks */,
				6A61DE1E204B9168009ED21F /* TencentOpenAPI.framework in Frameworks */,
				DF31FC8C9B75E628B3C8BCFB /* libPods-IFMShareDemo.a in Frameworks */,
			);
			runOnlyForDeploymentPostprocessing = 0;
		};
/* End PBXFrameworksBuildPhase section */

/* Begin PBXGroup section */
		3C4E7A37E74E1E2006F628FF /* Pods */ = {
			isa = PBXGroup;
			children = (
				36A76BBAFCC9931062F4B317 /* Pods-IFMShareDemo.debug.xcconfig */,
				C22E0B91740A3428B9AB482C /* Pods-IFMShareDemo.release.xcconfig */,
			);
			name = Pods;
			sourceTree = "<group>";
		};
		65EB118C9010967FB44E3A4D /* Frameworks */ = {
			isa = PBXGroup;
			children = (
				6A61DE78204F87BC009ED21F /* libc++.tbd */,
				6A61DE76204F877E009ED21F /* SystemConfiguration.framework */,
				6A61DE74204F86ED009ED21F /* CFNetwork.framework */,
				6A61DE72204F86D2009ED21F /* libz.1.1.3.tbd */,
				6A61DE70204F86C4009ED21F /* CoreTelephony.framework */,
				6A61DE6E204F86BC009ED21F /* CoreFoundation.framework */,
				6A61DE6C204F86B3009ED21F /* libsqlite3.0.tbd */,
				32A28268F13794C0F45DC400 /* libPods-IFMShareDemo.a */,
			);
			name = Frameworks;
			sourceTree = "<group>";
		};
		6A61DE12204A8B29009ED21F /* ShareManager */ = {
			isa = PBXGroup;
			children = (
				6A61DE21204B917A009ED21F /* Core */,
				6A61DE3D204B917A009ED21F /* SMResources.bundle */,
				6A61DE3E204B917A009ED21F /* Utils */,
			);
			path = ShareManager;
			sourceTree = "<group>";
		};
		6A61DE16204B9168009ED21F /* ShareVendor */ = {
			isa = PBXGroup;
			children = (
				6A61DE17204B9168009ED21F /* TencentQQ */,
				6A61DE1A204B9168009ED21F /* WeChatSDK */,
			);
			path = ShareVendor;
			sourceTree = "<group>";
		};
		6A61DE17204B9168009ED21F /* TencentQQ */ = {
			isa = PBXGroup;
			children = (
				6A61DE18204B9168009ED21F /* TencentOpenAPI.framework */,
				6A61DE19204B9168009ED21F /* TencentOpenApi_IOS_Bundle.bundle */,
			);
			path = TencentQQ;
			sourceTree = "<group>";
		};
		6A61DE1A204B9168009ED21F /* WeChatSDK */ = {
			isa = PBXGroup;
			children = (
				6A61DE1B204B9168009ED21F /* libWeChatSDK.a */,
				6A61DE1C204B9168009ED21F /* WXApi.h */,
				6A61DE1D204B9168009ED21F /* WXApiObject.h */,
			);
			path = WeChatSDK;
			sourceTree = "<group>";
		};
		6A61DE21204B917A009ED21F /* Core */ = {
			isa = PBXGroup;
			children = (
				6A61DE22204B917A009ED21F /* ShareManager.h */,
				6A61DE23204B917A009ED21F /* ShareManager.m */,
				6A61DE24204B917A009ED21F /* ShareToFacebook.h */,
				6A61DE25204B917A009ED21F /* ShareToFacebook.m */,
				6A61DE26204B917A009ED21F /* ShareToInstagram.h */,
				6A61DE27204B917A009ED21F /* ShareToInstagram.m */,
				6A61DE28204B917A009ED21F /* ShareToTencentQQ.h */,
				6A61DE29204B917A009ED21F /* ShareToTencentQQ.m */,
				6A61DE2A204B917A009ED21F /* ShareToTwitter.h */,
				6A61DE2B204B917A009ED21F /* ShareToTwitter.m */,
				6A61DE2C204B917A009ED21F /* ShareToWeibo.h */,
				6A61DE2D204B917A009ED21F /* ShareToWeibo.m */,
				6A61DE2E204B917A009ED21F /* ShareToWeixin.h */,
				6A61DE2F204B917A009ED21F /* ShareToWeixin.m */,
				6A61DE30204B917A009ED21F /* ShareUI.h */,
				6A61DE31204B917A009ED21F /* ShareUI.m */,
				6A61DE32204B917A009ED21F /* SMConstant.h */,
				6A61DE33204B917A009ED21F /* SMContent.h */,
				6A61DE34204B917A009ED21F /* SMContent.m */,
				6A61DE35204B917A009ED21F /* SMIcon.h */,
				6A61DE36204B917A009ED21F /* SMIcon.m */,
				6A61DE37204B917A009ED21F /* SMImage.h */,
				6A61DE38204B917A009ED21F /* SMImage.m */,
				6A61DE39204B917A009ED21F /* SMShareResult.h */,
				6A61DE3A204B917A009ED21F /* SMShareResult.m */,
				6A61DE3B204B917A009ED21F /* SMWebViewController.h */,
				6A61DE3C204B917A009ED21F /* SMWebViewController.m */,
			);
			path = Core;
			sourceTree = "<group>";
		};
		6A61DE3E204B917A009ED21F /* Utils */ = {
			isa = PBXGroup;
			children = (
				6A61DE3F204B917A009ED21F /* NSString+util.h */,
				6A61DE40204B917A009ED21F /* NSString+util.m */,
				6A61DE41204B917A009ED21F /* UIColor+hex.h */,
				6A61DE42204B917A009ED21F /* UIColor+hex.m */,
				6A61DE43204B917B009ED21F /* UIView+size.h */,
				6A61DE44204B917B009ED21F /* UIView+size.m */,
			);
			path = Utils;
			sourceTree = "<group>";
		};
		C2285AEB1F3B402F00ED2696 = {
			isa = PBXGroup;
			children = (
				6A61DE16204B9168009ED21F /* ShareVendor */,
				6A61DE12204A8B29009ED21F /* ShareManager */,
				C2285B0E1F3B404500ED2696 /* Share */,
				C2285AF61F3B402F00ED2696 /* IFMShareDemo */,
				C2285AF51F3B402F00ED2696 /* Products */,
				3C4E7A37E74E1E2006F628FF /* Pods */,
				65EB118C9010967FB44E3A4D /* Frameworks */,
			);
			sourceTree = "<group>";
		};
		C2285AF51F3B402F00ED2696 /* Products */ = {
			isa = PBXGroup;
			children = (
				C2285AF41F3B402F00ED2696 /* IFMShareDemo.app */,
			);
			name = Products;
			sourceTree = "<group>";
		};
		C2285AF61F3B402F00ED2696 /* IFMShareDemo */ = {
			isa = PBXGroup;
			children = (
				C2285AFA1F3B402F00ED2696 /* AppDelegate.h */,
				C2285AFB1F3B402F00ED2696 /* AppDelegate.m */,
				C2285AFD1F3B402F00ED2696 /* ViewController.h */,
				C2285AFE1F3B402F00ED2696 /* ViewController.m */,
				C2285B001F3B402F00ED2696 /* Main.storyboard */,
				C2285B031F3B402F00ED2696 /* Assets.xcassets */,
				C2285B051F3B402F00ED2696 /* LaunchScreen.storyboard */,
				C2285B081F3B402F00ED2696 /* Info.plist */,
				C2285AF71F3B402F00ED2696 /* Supporting Files */,
			);
			path = IFMShareDemo;
			sourceTree = "<group>";
		};
		C2285AF71F3B402F00ED2696 /* Supporting Files */ = {
			isa = PBXGroup;
			children = (
				C2285AF81F3B402F00ED2696 /* main.m */,
			);
			name = "Supporting Files";
			sourceTree = "<group>";
		};
		C2285B0E1F3B404500ED2696 /* Share */ = {
			isa = PBXGroup;
			children = (
				C29CA0DC1F41746F00798EE8 /* IFMShareImage.bundle */,
				C29BB7341F3C9F7500911BEC /* IFMShareItem.h */,
				C29BB7351F3C9F7500911BEC /* IFMShareItem.m */,
				C29BB73D1F3D44E800911BEC /* IFMShareItemCell.h */,
				C29BB73E1F3D44E800911BEC /* IFMShareItemCell.m */,
				C29BB7371F3CA20700911BEC /* IFMShareView.h */,
				C29BB7381F3CA20700911BEC /* IFMShareView.m */,
			);
			path = Share;
			sourceTree = "<group>";
		};
/* End PBXGroup section */

/* Begin PBXNativeTarget section */
		C2285AF31F3B402F00ED2696 /* IFMShareDemo */ = {
			isa = PBXNativeTarget;
			buildConfigurationList = C2285B0B1F3B402F00ED2696 /* Build configuration list for PBXNativeTarget "IFMShareDemo" */;
			buildPhases = (
				E6CE901024CCE368744A5CC4 /* [CP] Check Pods Manifest.lock */,
				C2285AF01F3B402F00ED2696 /* Sources */,
				C2285AF11F3B402F00ED2696 /* Frameworks */,
				C2285AF21F3B402F00ED2696 /* Resources */,
				034CAF350367C7E5E1402BE8 /* [CP] Embed Pods Frameworks */,
				186190523CFD4990BACA64A6 /* [CP] Copy Pods Resources */,
			);
			buildRules = (
			);
			dependencies = (
			);
			name = IFMShareDemo;
			productName = IFMShareDemo;
			productReference = C2285AF41F3B402F00ED2696 /* IFMShareDemo.app */;
			productType = "com.apple.product-type.application";
		};
/* End PBXNativeTarget section */

/* Begin PBXProject section */
		C2285AEC1F3B402F00ED2696 /* Project object */ = {
			isa = PBXProject;
			attributes = {
				LastUpgradeCheck = 0820;
				ORGANIZATIONNAME = "刘刚";
				TargetAttributes = {
					C2285AF31F3B402F00ED2696 = {
						CreatedOnToolsVersion = 8.2;
						DevelopmentTeam = KYJLWXDV8Y;
						ProvisioningStyle = Automatic;
					};
				};
			};
			buildConfigurationList = C2285AEF1F3B402F00ED2696 /* Build configuration list for PBXProject "IFMShareDemo" */;
			compatibilityVersion = "Xcode 3.2";
			developmentRegion = English;
			hasScannedForEncodings = 0;
			knownRegions = (
				en,
				Base,
			);
			mainGroup = C2285AEB1F3B402F00ED2696;
			productRefGroup = C2285AF51F3B402F00ED2696 /* Products */;
			projectDirPath = "";
			projectRoot = "";
			targets = (
				C2285AF31F3B402F00ED2696 /* IFMShareDemo */,
			);
		};
/* End PBXProject section */

/* Begin PBXResourcesBuildPhase section */
		C2285AF21F3B402F00ED2696 /* Resources */ = {
			isa = PBXResourcesBuildPhase;
			buildActionMask = 2147483647;
			files = (
				C2285B071F3B402F00ED2696 /* LaunchScreen.storyboard in Resources */,
				C2285B041F3B402F00ED2696 /* Assets.xcassets in Resources */,
				C29CA0DD1F41746F00798EE8 /* IFMShareImage.bundle in Resources */,
				6A61DE1F204B9168009ED21F /* TencentOpenApi_IOS_Bundle.bundle in Resources */,
				C2285B021F3B402F00ED2696 /* Main.storyboard in Resources */,
				6A61DE52204B917B009ED21F /* SMResources.bundle in Resources */,
			);
			runOnlyForDeploymentPostprocessing = 0;
		};
/* End PBXResourcesBuildPhase section */

/* Begin PBXShellScriptBuildPhase section */
		034CAF350367C7E5E1402BE8 /* [CP] Embed Pods Frameworks */ = {
			isa = PBXShellScriptBuildPhase;
			buildActionMask = 2147483647;
			files = (
			);
			inputPaths = (
			);
			name = "[CP] Embed Pods Frameworks";
			outputPaths = (
			);
			runOnlyForDeploymentPostprocessing = 0;
			shellPath = /bin/sh;
			shellScript = "\"${SRCROOT}/Pods/Target Support Files/Pods-IFMShareDemo/Pods-IFMShareDemo-frameworks.sh\"\n";
			showEnvVarsInLog = 0;
		};
		186190523CFD4990BACA64A6 /* [CP] Copy Pods Resources */ = {
			isa = PBXShellScriptBuildPhase;
			buildActionMask = 2147483647;
			files = (
			);
			inputPaths = (
			);
			name = "[CP] Copy Pods Resources";
			outputPaths = (
			);
			runOnlyForDeploymentPostprocessing = 0;
			shellPath = /bin/sh;
			shellScript = "\"${SRCROOT}/Pods/Target Support Files/Pods-IFMShareDemo/Pods-IFMShareDemo-resources.sh\"\n";
			showEnvVarsInLog = 0;
		};
		E6CE901024CCE368744A5CC4 /* [CP] Check Pods Manifest.lock */ = {
			isa = PBXShellScriptBuildPhase;
			buildActionMask = 2147483647;
			files = (
			);
			inputPaths = (
			);
			name = "[CP] Check Pods Manifest.lock";
			outputPaths = (
			);
			runOnlyForDeploymentPostprocessing = 0;
			shellPath = /bin/sh;
			shellScript = "diff \"${PODS_PODFILE_DIR_PATH}/Podfile.lock\" \"${PODS_ROOT}/Manifest.lock\" > /dev/null\nif [ $? != 0 ] ; then\n    # print error to STDERR\n    echo \"error: The sandbox is not in sync with the Podfile.lock. Run 'pod install' or update your CocoaPods installation.\" >&2\n    exit 1\nfi\n";
			showEnvVarsInLog = 0;
		};
/* End PBXShellScriptBuildPhase section */

/* Begin PBXSourcesBuildPhase section */
		C2285AF01F3B402F00ED2696 /* Sources */ = {
			isa = PBXSourcesBuildPhase;
			buildActionMask = 2147483647;
			files = (
				6A61DE48204B917B009ED21F /* ShareToTencentQQ.m in Sources */,
				6A61DE55204B917B009ED21F /* UIView+size.m in Sources */,
				C2285AFF1F3B402F00ED2696 /* ViewController.m in Sources */,
				6A61DE45204B917B009ED21F /* ShareManager.m in Sources */,
				6A61DE53204B917B009ED21F /* NSString+util.m in Sources */,
				6A61DE4C204B917B009ED21F /* ShareUI.m in Sources */,
				C2285AFC1F3B402F00ED2696 /* AppDelegate.m in Sources */,
				6A61DE4F204B917B009ED21F /* SMImage.m in Sources */,
				6A61DE54204B917B009ED21F /* UIColor+hex.m in Sources */,
				6A61DE47204B917B009ED21F /* ShareToInstagram.m in Sources */,
				C29BB7391F3CA20700911BEC /* IFMShareView.m in Sources */,
				6A61DE46204B917B009ED21F /* ShareToFacebook.m in Sources */,
				C29BB7361F3C9F7500911BEC /* IFMShareItem.m in Sources */,
				C2285AF91F3B402F00ED2696 /* main.m in Sources */,
				6A61DE4D204B917B009ED21F /* SMContent.m in Sources */,
				6A61DE4A204B917B009ED21F /* ShareToWeibo.m in Sources */,
				6A61DE51204B917B009ED21F /* SMWebViewController.m in Sources */,
				6A61DE4E204B917B009ED21F /* SMIcon.m in Sources */,
				6A61DE50204B917B009ED21F /* SMShareResult.m in Sources */,
				C29BB73F1F3D44E800911BEC /* IFMShareItemCell.m in Sources */,
				6A61DE49204B917B009ED21F /* ShareToTwitter.m in Sources */,
				6A61DE4B204B917B009ED21F /* ShareToWeixin.m in Sources */,
			);
			runOnlyForDeploymentPostprocessing = 0;
		};
/* End PBXSourcesBuildPhase section */

/* Begin PBXVariantGroup section */
		C2285B001F3B402F00ED2696 /* Main.storyboard */ = {
			isa = PBXVariantGroup;
			children = (
				C2285B011F3B402F00ED2696 /* Base */,
			);
			name = Main.storyboard;
			sourceTree = "<group>";
		};
		C2285B051F3B402F00ED2696 /* LaunchScreen.storyboard */ = {
			isa = PBXVariantGroup;
			children = (
				C2285B061F3B402F00ED2696 /* Base */,
			);
			name = LaunchScreen.storyboard;
			sourceTree = "<group>";
		};
/* End PBXVariantGroup section */

/* Begin XCBuildConfiguration section */
		C2285B091F3B402F00ED2696 /* Debug */ = {
			isa = XCBuildConfiguration;
			buildSettings = {
				ALWAYS_SEARCH_USER_PATHS = NO;
				CLANG_ANALYZER_NONNULL = YES;
				CLANG_CXX_LANGUAGE_STANDARD = "gnu++0x";
				CLANG_CXX_LIBRARY = "libc++";
				CLANG_ENABLE_MODULES = YES;
				CLANG_ENABLE_OBJC_ARC = YES;
				CLANG_WARN_BOOL_CONVERSION = YES;
				CLANG_WARN_CONSTANT_CONVERSION = YES;
				CLANG_WARN_DIRECT_OBJC_ISA_USAGE = YES_ERROR;
				CLANG_WARN_DOCUMENTATION_COMMENTS = YES;
				CLANG_WARN_EMPTY_BODY = YES;
				CLANG_WARN_ENUM_CONVERSION = YES;
				CLANG_WARN_INFINITE_RECURSION = YES;
				CLANG_WARN_INT_CONVERSION = YES;
				CLANG_WARN_OBJC_ROOT_CLASS = YES_ERROR;
				CLANG_WARN_SUSPICIOUS_MOVE = YES;
				CLANG_WARN_UNREACHABLE_CODE = YES;
				CLANG_WARN__DUPLICATE_METHOD_MATCH = YES;
				"CODE_SIGN_IDENTITY[sdk=iphoneos*]" = "iPhone Developer";
				COPY_PHASE_STRIP = NO;
				DEBUG_INFORMATION_FORMAT = dwarf;
				ENABLE_STRICT_OBJC_MSGSEND = YES;
				ENABLE_TESTABILITY = YES;
				GCC_C_LANGUAGE_STANDARD = gnu99;
				GCC_DYNAMIC_NO_PIC = NO;
				GCC_NO_COMMON_BLOCKS = YES;
				GCC_OPTIMIZATION_LEVEL = 0;
				GCC_PREPROCESSOR_DEFINITIONS = (
					"DEBUG=1",
					"$(inherited)",
				);
				GCC_WARN_64_TO_32_BIT_CONVERSION = YES;
				GCC_WARN_ABOUT_RETURN_TYPE = YES_ERROR;
				GCC_WARN_UNDECLARED_SELECTOR = YES;
				GCC_WARN_UNINITIALIZED_AUTOS = YES_AGGRESSIVE;
				GCC_WARN_UNUSED_FUNCTION = YES;
				GCC_WARN_UNUSED_VARIABLE = YES;
				IPHONEOS_DEPLOYMENT_TARGET = 10.2;
				MTL_ENABLE_DEBUG_INFO = YES;
				ONLY_ACTIVE_ARCH = YES;
				SDKROOT = iphoneos;
				TARGETED_DEVICE_FAMILY = "1,2";
			};
			name = Debug;
		};
		C2285B0A1F3B402F00ED2696 /* Release */ = {
			isa = XCBuildConfiguration;
			buildSettings = {
				ALWAYS_SEARCH_USER_PATHS = NO;
				CLANG_ANALYZER_NONNULL = YES;
				CLANG_CXX_LANGUAGE_STANDARD = "gnu++0x";
				CLANG_CXX_LIBRARY = "libc++";
				CLANG_ENABLE_MODULES = YES;
				CLANG_ENABLE_OBJC_ARC = YES;
				CLANG_WARN_BOOL_CONVERSION = YES;
				CLANG_WARN_CONSTANT_CONVERSION = YES;
				CLANG_WARN_DIRECT_OBJC_ISA_USAGE = YES_ERROR;
				CLANG_WARN_DOCUMENTATION_COMMENTS = YES;
				CLANG_WARN_EMPTY_BODY = YES;
				CLANG_WARN_ENUM_CONVERSION = YES;
				CLANG_WARN_INFINITE_RECURSION = YES;
				CLANG_WARN_INT_CONVERSION = YES;
				CLANG_WARN_OBJC_ROOT_CLASS = YES_ERROR;
				CLANG_WARN_SUSPICIOUS_MOVE = YES;
				CLANG_WARN_UNREACHABLE_CODE = YES;
				CLANG_WARN__DUPLICATE_METHOD_MATCH = YES;
				"CODE_SIGN_IDENTITY[sdk=iphoneos*]" = "iPhone Developer";
				COPY_PHASE_STRIP = NO;
				DEBUG_INFORMATION_FORMAT = "dwarf-with-dsym";
				ENABLE_NS_ASSERTIONS = NO;
				ENABLE_STRICT_OBJC_MSGSEND = YES;
				GCC_C_LANGUAGE_STANDARD = gnu99;
				GCC_NO_COMMON_BLOCKS = YES;
				GCC_WARN_64_TO_32_BIT_CONVERSION = YES;
				GCC_WARN_ABOUT_RETURN_TYPE = YES_ERROR;
				GCC_WARN_UNDECLARED_SELECTOR = YES;
				GCC_WARN_UNINITIALIZED_AUTOS = YES_AGGRESSIVE;
				GCC_WARN_UNUSED_FUNCTION = YES;
				GCC_WARN_UNUSED_VARIABLE = YES;
				IPHONEOS_DEPLOYMENT_TARGET = 10.2;
				MTL_ENABLE_DEBUG_INFO = NO;
				SDKROOT = iphoneos;
				TARGETED_DEVICE_FAMILY = "1,2";
				VALIDATE_PRODUCT = YES;
			};
			name = Release;
		};
		C2285B0C1F3B402F00ED2696 /* Debug */ = {
			isa = XCBuildConfiguration;
			baseConfigurationReference = 36A76BBAFCC9931062F4B317 /* Pods-IFMShareDemo.debug.xcconfig */;
			buildSettings = {
				ASSETCATALOG_COMPILER_APPICON_NAME = AppIcon;
				DEVELOPMENT_TEAM = KYJLWXDV8Y;
				ENABLE_BITCODE = NO;
				FRAMEWORK_SEARCH_PATHS = (
					"$(inherited)",
					"$(PROJECT_DIR)/ShareVendor/TencentQQ",
				);
				INFOPLIST_FILE = IFMShareDemo/Info.plist;
				LD_RUNPATH_SEARCH_PATHS = "$(inherited) @executable_path/Frameworks";
				LIBRARY_SEARCH_PATHS = (
					"$(inherited)",
					"$(PROJECT_DIR)/ShareVendor/WeChatSDK",
				);
				PRODUCT_BUNDLE_IDENTIFIER = com.yonyou.RZZL.FinancingLeasePlatform;
				PRODUCT_NAME = "$(TARGET_NAME)";
			};
			name = Debug;
		};
		C2285B0D1F3B402F00ED2696 /* Release */ = {
			isa = XCBuildConfiguration;
			baseConfigurationReference = C22E0B91740A3428B9AB482C /* Pods-IFMShareDemo.release.xcconfig */;
			buildSettings = {
				ASSETCATALOG_COMPILER_APPICON_NAME = AppIcon;
				DEVELOPMENT_TEAM = KYJLWXDV8Y;
				ENABLE_BITCODE = NO;
				FRAMEWORK_SEARCH_PATHS = (
					"$(inherited)",
					"$(PROJECT_DIR)/ShareVendor/TencentQQ",
				);
				INFOPLIST_FILE = IFMShareDemo/Info.plist;
				LD_RUNPATH_SEARCH_PATHS = "$(inherited) @executable_path/Frameworks";
				LIBRARY_SEARCH_PATHS = (
					"$(inherited)",
					"$(PROJECT_DIR)/ShareVendor/WeChatSDK",
				);
				PRODUCT_BUNDLE_IDENTIFIER = com.yonyou.RZZL.FinancingLeasePlatform;
				PRODUCT_NAME = "$(TARGET_NAME)";
			};
			name = Release;
		};
/* End XCBuildConfiguration section */

/* Begin XCConfigurationList section */
		C2285AEF1F3B402F00ED2696 /* Build configuration list for PBXProject "IFMShareDemo" */ = {
			isa = XCConfigurationList;
			buildConfigurations = (
				C2285B091F3B402F00ED2696 /* Debug */,
				C2285B0A1F3B402F00ED2696 /* Release */,
			);
			defaultConfigurationIsVisible = 0;
			defaultConfigurationName = Release;
		};
		C2285B0B1F3B402F00ED2696 /* Build configuration list for PBXNativeTarget "IFMShareDemo" */ = {
			isa = XCConfigurationList;
			buildConfigurations = (
				C2285B0C1F3B402F00ED2696 /* Debug */,
				C2285B0D1F3B402F00ED2696 /* Release */,
			);
			defaultConfigurationIsVisible = 0;
			defaultConfigurationName = Release;
		};
/* End XCConfigurationList section */
	};
	rootObject = C2285AEC1F3B402F00ED2696 /* Project object */;
}
